a:79:{s:8:"articles";a:2:{s:9:"validator";a:1:{s:11:"$jsonSchema";a:3:{s:8:"bsonType";s:6:"object";s:10:"properties";a:4:{s:9:"author_id";a:1:{s:8:"bsonType";a:2:{i:0;s:8:"objectId";i:1;s:4:"null";}}s:5:"title";a:1:{s:8:"bsonType";s:6:"string";}s:4:"body";a:1:{s:8:"bsonType";s:6:"string";}s:9:"published";a:1:{s:8:"bsonType";s:6:"string";}}s:20:"additionalProperties";b:1;}}s:7:"indexes";a:3:{s:18:"articles_published";a:2:{s:3:"key";a:1:{s:9:"published";i:1;}s:7:"options";a:2:{s:6:"unique";b:0;s:6:"sparse";b:0;}}s:14:"articles_title";a:2:{s:3:"key";a:1:{s:5:"title";i:1;}s:7:"options";a:2:{s:6:"unique";b:0;s:6:"sparse";b:0;}}s:18:"articles_author_id";a:2:{s:3:"key";a:1:{s:9:"author_id";i:1;}s:7:"options";a:2:{s:6:"unique";b:0;s:6:"sparse";b:0;}}}}s:26:"articles_more_translations";a:2:{s:9:"validator";a:1:{s:11:"$jsonSchema";a:3:{s:8:"bsonType";s:6:"object";s:10:"properties";a:5:{s:6:"locale";a:1:{s:8:"bsonType";s:6:"string";}s:2:"id";a:1:{s:8:"bsonType";s:6:"string";}s:5:"title";a:1:{s:8:"bsonType";s:6:"string";}s:8:"subtitle";a:1:{s:8:"bsonType";s:6:"string";}s:4:"body";a:1:{s:8:"bsonType";s:6:"string";}}s:20:"additionalProperties";b:1;}}s:7:"indexes";a:1:{s:29:"articles_more_translations_id";a:2:{s:3:"key";a:1:{s:2:"id";i:1;}s:7:"options";a:2:{s:6:"unique";b:0;s:6:"sparse";b:0;}}}}s:13:"articles_tags";a:2:{s:9:"validator";a:1:{s:11:"$jsonSchema";a:3:{s:8:"bsonType";s:6:"object";s:10:"properties";a:2:{s:10:"article_id";a:1:{s:8:"bsonType";s:8:"objectId";}s:6:"tag_id";a:1:{s:8:"bsonType";s:8:"objectId";}}s:20:"additionalProperties";b:1;}}s:7:"indexes";a:2:{s:24:"articles_tags_article_id";a:2:{s:3:"key";a:1:{s:10:"article_id";i:1;}s:7:"options";a:2:{s:6:"unique";b:0;s:6:"sparse";b:0;}}s:20:"articles_tags_tag_id";a:2:{s:3:"key";a:1:{s:6:"tag_id";i:1;}s:7:"options";a:2:{s:6:"unique";b:0;s:6:"sparse";b:0;}}}}s:26:"articles_tags_binding_keys";a:2:{s:9:"validator";a:1:{s:11:"$jsonSchema";a:3:{s:8:"bsonType";s:6:"object";s:10:"properties";a:2:{s:10:"article_id";a:1:{s:8:"bsonType";s:8:"objectId";}s:7:"tagname";a:1:{s:8:"bsonType";s:6:"string";}}s:20:"additionalProperties";b:1;}}s:7:"indexes";a:2:{s:37:"articles_tags_binding_keys_article_id";a:2:{s:3:"key";a:1:{s:10:"article_id";i:1;}s:7:"options";a:2:{s:6:"unique";b:0;s:6:"sparse";b:0;}}s:34:"articles_tags_binding_keys_tagname";a:2:{s:3:"key";a:1:{s:7:"tagname";i:1;}s:7:"options";a:2:{s:6:"unique";b:0;s:6:"sparse";b:0;}}}}s:21:"articles_translations";a:2:{s:9:"validator";a:1:{s:11:"$jsonSchema";a:3:{s:8:"bsonType";s:6:"object";s:10:"properties";a:4:{s:6:"locale";a:1:{s:8:"bsonType";s:6:"string";}s:2:"id";a:1:{s:8:"bsonType";s:6:"string";}s:5:"title";a:1:{s:8:"bsonType";s:6:"string";}s:4:"body";a:1:{s:8:"bsonType";s:6:"string";}}s:20:"additionalProperties";b:1;}}s:7:"indexes";a:2:{s:24:"articles_translations_id";a:2:{s:3:"key";a:1:{s:2:"id";i:1;}s:7:"options";a:2:{s:6:"unique";b:0;s:6:"sparse";b:0;}}s:28:"articles_translations_locale";a:2:{s:3:"key";a:1:{s:6:"locale";i:1;}s:7:"options";a:2:{s:6:"unique";b:0;s:6:"sparse";b:0;}}}}s:11:"attachments";a:2:{s:9:"validator";a:1:{s:11:"$jsonSchema";a:3:{s:8:"bsonType";s:6:"object";s:10:"properties";a:2:{s:10:"comment_id";a:1:{s:8:"bsonType";s:8:"objectId";}s:10:"attachment";a:1:{s:8:"bsonType";s:6:"string";}}s:20:"additionalProperties";b:1;}}s:7:"indexes";a:1:{s:22:"attachments_comment_id";a:2:{s:3:"key";a:1:{s:10:"comment_id";i:1;}s:7:"options";a:2:{s:6:"unique";b:0;s:6:"sparse";b:0;}}}}s:6:"audits";a:2:{s:9:"validator";a:1:{s:11:"$jsonSchema";a:3:{s:8:"bsonType";s:6:"object";s:10:"properties";a:3:{s:11:"foreign_key";a:1:{s:8:"bsonType";s:8:"objectId";}s:5:"model";a:1:{s:8:"bsonType";s:6:"string";}s:4:"note";a:1:{s:8:"bsonType";s:6:"string";}}s:20:"additionalProperties";b:1;}}s:7:"indexes";a:1:{s:18:"audits_foreign_key";a:2:{s:3:"key";a:1:{s:11:"foreign_key";i:1;}s:7:"options";a:2:{s:6:"unique";b:0;s:6:"sparse";b:0;}}}}s:10:"auth_users";a:2:{s:9:"validator";a:1:{s:11:"$jsonSchema";a:3:{s:8:"bsonType";s:6:"object";s:10:"properties";a:2:{s:8:"username";a:1:{s:8:"bsonType";s:6:"string";}s:8:"password";a:1:{s:8:"bsonType";s:6:"string";}}s:20:"additionalProperties";b:1;}}s:7:"indexes";a:1:{s:19:"auth_users_username";a:2:{s:3:"key";a:1:{s:8:"username";i:1;}s:7:"options";a:2:{s:6:"unique";b:0;s:6:"sparse";b:0;}}}}s:7:"authors";a:2:{s:9:"validator";a:1:{s:11:"$jsonSchema";a:3:{s:8:"bsonType";s:6:"object";s:10:"properties";a:1:{s:4:"name";a:1:{s:8:"bsonType";s:6:"string";}}s:20:"additionalProperties";b:1;}}s:7:"indexes";a:1:{s:12:"authors_name";a:2:{s:3:"key";a:1:{s:4:"name";i:1;}s:7:"options";a:2:{s:6:"unique";b:0;s:6:"sparse";b:0;}}}}s:12:"authors_tags";a:2:{s:9:"validator";a:1:{s:11:"$jsonSchema";a:3:{s:8:"bsonType";s:6:"object";s:10:"properties";a:2:{s:9:"author_id";a:1:{s:8:"bsonType";s:8:"objectId";}s:6:"tag_id";a:1:{s:8:"bsonType";s:8:"objectId";}}s:20:"additionalProperties";b:1;}}s:7:"indexes";a:2:{s:22:"authors_tags_author_id";a:2:{s:3:"key";a:1:{s:9:"author_id";i:1;}s:7:"options";a:2:{s:6:"unique";b:0;s:6:"sparse";b:0;}}s:19:"authors_tags_tag_id";a:2:{s:3:"key";a:1:{s:6:"tag_id";i:1;}s:7:"options";a:2:{s:6:"unique";b:0;s:6:"sparse";b:0;}}}}s:20:"authors_translations";a:2:{s:9:"validator";a:1:{s:11:"$jsonSchema";a:3:{s:8:"bsonType";s:6:"object";s:10:"properties";a:3:{s:6:"locale";a:1:{s:8:"bsonType";s:6:"string";}s:2:"id";a:1:{s:8:"bsonType";s:6:"string";}s:4:"name";a:1:{s:8:"bsonType";s:6:"string";}}s:20:"additionalProperties";b:1;}}s:7:"indexes";a:1:{s:23:"authors_translations_id";a:2:{s:3:"key";a:1:{s:2:"id";i:1;}s:7:"options";a:2:{s:6:"unique";b:0;s:6:"sparse";b:0;}}}}s:17:"binary_uuid_items";a:2:{s:9:"validator";a:1:{s:11:"$jsonSchema";a:3:{s:8:"bsonType";s:6:"object";s:10:"properties";a:4:{s:3:"_id";a:1:{s:8:"bsonType";s:6:"string";}s:2:"id";a:1:{s:8:"bsonType";s:6:"string";}s:9:"published";a:1:{s:8:"bsonType";s:4:"bool";}s:4:"name";a:1:{s:8:"bsonType";s:6:"string";}}s:20:"additionalProperties";b:1;}}s:7:"indexes";a:1:{s:27:"binary_uuid_items_published";a:2:{s:3:"key";a:1:{s:9:"published";i:1;}s:7:"options";a:2:{s:6:"unique";b:0;s:6:"sparse";b:0;}}}}s:16:"binary_uuid_tags";a:1:{s:9:"validator";a:1:{s:11:"$jsonSchema";a:3:{s:8:"bsonType";s:6:"object";s:10:"properties";a:3:{s:3:"_id";a:1:{s:8:"bsonType";s:6:"string";}s:2:"id";a:1:{s:8:"bsonType";s:6:"string";}s:4:"name";a:1:{s:8:"bsonType";s:6:"string";}}s:20:"additionalProperties";b:1;}}}s:10:"categories";a:2:{s:9:"validator";a:1:{s:11:"$jsonSchema";a:3:{s:8:"bsonType";s:6:"object";s:10:"properties";a:2:{s:9:"parent_id";a:1:{s:8:"bsonType";a:2:{i:0;s:6:"string";i:1;s:3:"int";}}s:4:"name";a:1:{s:8:"bsonType";s:6:"string";}}s:20:"additionalProperties";b:1;}}s:7:"indexes";a:2:{s:20:"categories_parent_id";a:2:{s:3:"key";a:1:{s:9:"parent_id";i:1;}s:7:"options";a:2:{s:6:"unique";b:0;s:6:"sparse";b:0;}}s:15:"categories_name";a:2:{s:3:"key";a:1:{s:4:"name";i:1;}s:7:"options";a:2:{s:6:"unique";b:0;s:6:"sparse";b:0;}}}}s:8:"comments";a:2:{s:9:"validator";a:1:{s:11:"$jsonSchema";a:3:{s:8:"bsonType";s:6:"object";s:10:"properties";a:4:{s:10:"article_id";a:1:{s:8:"bsonType";s:8:"objectId";}s:7:"user_id";a:1:{s:8:"bsonType";s:8:"objectId";}s:7:"comment";a:1:{s:8:"bsonType";s:6:"string";}s:9:"published";a:1:{s:8:"bsonType";s:6:"string";}}s:20:"additionalProperties";b:1;}}s:7:"indexes";a:2:{s:19:"comments_article_id";a:2:{s:3:"key";a:1:{s:10:"article_id";i:1;}s:7:"options";a:2:{s:6:"unique";b:0;s:6:"sparse";b:0;}}s:16:"comments_user_id";a:2:{s:3:"key";a:1:{s:7:"user_id";i:1;}s:7:"options";a:2:{s:6:"unique";b:0;s:6:"sparse";b:0;}}}}s:21:"comments_translations";a:2:{s:9:"validator";a:1:{s:11:"$jsonSchema";a:3:{s:8:"bsonType";s:6:"object";s:10:"properties";a:3:{s:6:"locale";a:1:{s:8:"bsonType";s:6:"string";}s:2:"id";a:1:{s:8:"bsonType";s:6:"string";}s:7:"comment";a:1:{s:8:"bsonType";s:6:"string";}}s:20:"additionalProperties";b:1;}}s:7:"indexes";a:1:{s:24:"comments_translations_id";a:2:{s:3:"key";a:1:{s:2:"id";i:1;}s:7:"options";a:2:{s:6:"unique";b:0;s:6:"sparse";b:0;}}}}s:15:"connection_test";a:1:{s:9:"validator";a:1:{s:11:"$jsonSchema";a:3:{s:8:"bsonType";s:6:"object";s:10:"properties";a:0:{}s:20:"additionalProperties";b:1;}}}s:24:"counter_cache_categories";a:2:{s:9:"validator";a:1:{s:11:"$jsonSchema";a:3:{s:8:"bsonType";s:6:"object";s:10:"properties";a:2:{s:4:"name";a:1:{s:8:"bsonType";s:6:"string";}s:10:"post_count";a:1:{s:8:"bsonType";s:3:"int";}}s:20:"additionalProperties";b:1;}}s:7:"indexes";a:1:{s:29:"counter_cache_categories_name";a:2:{s:3:"key";a:1:{s:4:"name";i:1;}s:7:"options";a:2:{s:6:"unique";b:0;s:6:"sparse";b:0;}}}}s:22:"counter_cache_comments";a:2:{s:9:"validator";a:1:{s:11:"$jsonSchema";a:3:{s:8:"bsonType";s:6:"object";s:10:"properties";a:2:{s:5:"title";a:1:{s:8:"bsonType";s:6:"string";}s:7:"user_id";a:1:{s:8:"bsonType";a:2:{i:0;s:8:"objectId";i:1;s:4:"null";}}}s:20:"additionalProperties";b:1;}}s:7:"indexes";a:1:{s:30:"counter_cache_comments_user_id";a:2:{s:3:"key";a:1:{s:7:"user_id";i:1;}s:7:"options";a:2:{s:6:"unique";b:0;s:6:"sparse";b:0;}}}}s:19:"counter_cache_posts";a:2:{s:9:"validator";a:1:{s:11:"$jsonSchema";a:3:{s:8:"bsonType";s:6:"object";s:10:"properties";a:4:{s:5:"title";a:1:{s:8:"bsonType";s:6:"string";}s:7:"user_id";a:1:{s:8:"bsonType";a:2:{i:0;s:8:"objectId";i:1;s:4:"null";}}s:11:"category_id";a:1:{s:8:"bsonType";a:2:{i:0;s:8:"objectId";i:1;s:4:"null";}}s:9:"published";a:1:{s:8:"bsonType";s:3:"int";}}s:20:"additionalProperties";b:1;}}s:7:"indexes";a:1:{s:27:"counter_cache_posts_user_id";a:2:{s:3:"key";a:1:{s:7:"user_id";i:1;}s:7:"options";a:2:{s:6:"unique";b:0;s:6:"sparse";b:0;}}}}s:33:"counter_cache_user_category_posts";a:2:{s:9:"validator";a:1:{s:11:"$jsonSchema";a:3:{s:8:"bsonType";s:6:"object";s:10:"properties";a:3:{s:11:"category_id";a:1:{s:8:"bsonType";a:2:{i:0;s:8:"objectId";i:1;s:4:"null";}}s:7:"user_id";a:1:{s:8:"bsonType";a:2:{i:0;s:8:"objectId";i:1;s:4:"null";}}s:10:"post_count";a:1:{s:8:"bsonType";s:3:"int";}}s:20:"additionalProperties";b:1;}}s:7:"indexes";a:1:{s:41:"counter_cache_user_category_posts_user_id";a:2:{s:3:"key";a:1:{s:7:"user_id";i:1;}s:7:"options";a:2:{s:6:"unique";b:0;s:6:"sparse";b:0;}}}}s:19:"counter_cache_users";a:2:{s:9:"validator";a:1:{s:11:"$jsonSchema";a:3:{s:8:"bsonType";s:6:"object";s:10:"properties";a:4:{s:4:"name";a:1:{s:8:"bsonType";s:6:"string";}s:10:"post_count";a:1:{s:8:"bsonType";s:3:"int";}s:13:"comment_count";a:1:{s:8:"bsonType";s:3:"int";}s:15:"posts_published";a:1:{s:8:"bsonType";s:3:"int";}}s:20:"additionalProperties";b:1;}}s:7:"indexes";a:1:{s:24:"counter_cache_users_name";a:2:{s:3:"key";a:1:{s:4:"name";i:1;}s:7:"options";a:2:{s:6:"unique";b:0;s:6:"sparse";b:0;}}}}s:8:"counters";a:1:{s:9:"validator";a:1:{s:11:"$jsonSchema";a:3:{s:8:"bsonType";s:6:"object";s:10:"properties";a:0:{}s:20:"additionalProperties";b:1;}}}s:17:"delete_query_test";a:1:{s:9:"validator";a:1:{s:11:"$jsonSchema";a:3:{s:8:"bsonType";s:6:"object";s:10:"properties";a:0:{}s:20:"additionalProperties";b:1;}}}s:9:"documents";a:1:{s:9:"validator";a:1:{s:11:"$jsonSchema";a:3:{s:8:"bsonType";s:6:"object";s:10:"properties";a:0:{}s:20:"additionalProperties";b:1;}}}s:13:"featured_tags";a:2:{s:9:"validator";a:1:{s:11:"$jsonSchema";a:3:{s:8:"bsonType";s:6:"object";s:10:"properties";a:2:{s:6:"tag_id";a:1:{s:8:"bsonType";s:8:"objectId";}s:8:"priority";a:1:{s:8:"bsonType";s:3:"int";}}s:20:"additionalProperties";b:1;}}s:7:"indexes";a:1:{s:20:"featured_tags_tag_id";a:2:{s:3:"key";a:1:{s:6:"tag_id";i:1;}s:7:"options";a:2:{s:6:"unique";b:0;s:6:"sparse";b:0;}}}}s:5:"files";a:1:{s:9:"validator";a:1:{s:11:"$jsonSchema";a:3:{s:8:"bsonType";s:6:"object";s:10:"properties";a:0:{}s:20:"additionalProperties";b:1;}}}s:4:"i18n";a:2:{s:9:"validator";a:1:{s:11:"$jsonSchema";a:3:{s:8:"bsonType";s:6:"object";s:10:"properties";a:5:{s:6:"locale";a:1:{s:8:"bsonType";s:6:"string";}s:5:"model";a:1:{s:8:"bsonType";s:6:"string";}s:11:"foreign_key";a:1:{s:8:"bsonType";s:3:"int";}s:5:"field";a:1:{s:8:"bsonType";s:6:"string";}s:7:"content";a:1:{s:8:"bsonType";s:6:"string";}}s:20:"additionalProperties";b:1;}}s:7:"indexes";a:2:{s:16:"i18n_foreign_key";a:2:{s:3:"key";a:1:{s:11:"foreign_key";i:1;}s:7:"options";a:2:{s:6:"unique";b:0;s:6:"sparse";b:0;}}s:11:"i18n_locale";a:2:{s:3:"key";a:1:{s:6:"locale";i:1;}s:7:"options";a:2:{s:6:"unique";b:0;s:6:"sparse";b:0;}}}}s:17:"insert_query_test";a:1:{s:9:"validator";a:1:{s:11:"$jsonSchema";a:3:{s:8:"bsonType";s:6:"object";s:10:"properties";a:0:{}s:20:"additionalProperties";b:1;}}}s:17:"log_disabled_test";a:1:{s:9:"validator";a:1:{s:11:"$jsonSchema";a:3:{s:8:"bsonType";s:6:"object";s:10:"properties";a:0:{}s:20:"additionalProperties";b:1;}}}s:15:"log_driver_test";a:1:{s:9:"validator";a:1:{s:11:"$jsonSchema";a:3:{s:8:"bsonType";s:6:"object";s:10:"properties";a:0:{}s:20:"additionalProperties";b:1;}}}s:13:"log_find_test";a:1:{s:9:"validator";a:1:{s:11:"$jsonSchema";a:3:{s:8:"bsonType";s:6:"object";s:10:"properties";a:0:{}s:20:"additionalProperties";b:1;}}}s:15:"log_insert_test";a:1:{s:9:"validator";a:1:{s:11:"$jsonSchema";a:3:{s:8:"bsonType";s:6:"object";s:10:"properties";a:0:{}s:20:"additionalProperties";b:1;}}}s:7:"members";a:1:{s:9:"validator";a:1:{s:11:"$jsonSchema";a:3:{s:8:"bsonType";s:6:"object";s:10:"properties";a:1:{s:13:"section_count";a:1:{s:8:"bsonType";s:3:"int";}}s:20:"additionalProperties";b:1;}}}s:15:"menu_link_trees";a:2:{s:9:"validator";a:1:{s:11:"$jsonSchema";a:3:{s:8:"bsonType";s:6:"object";s:10:"properties";a:6:{s:4:"menu";a:1:{s:8:"bsonType";s:6:"string";}s:5:"title";a:1:{s:8:"bsonType";s:6:"string";}s:3:"url";a:1:{s:8:"bsonType";s:6:"string";}s:9:"parent_id";a:1:{s:8:"bsonType";a:2:{i:0;s:6:"string";i:1;s:4:"null";}}s:3:"lft";a:1:{s:8:"bsonType";s:6:"string";}s:4:"rght";a:1:{s:8:"bsonType";s:6:"string";}}s:20:"additionalProperties";b:1;}}s:7:"indexes";a:1:{s:20:"menu_link_trees_menu";a:2:{s:3:"key";a:1:{s:4:"menu";i:1;}s:7:"options";a:2:{s:6:"unique";b:0;s:6:"sparse";b:0;}}}}s:16:"nullable_authors";a:1:{s:9:"validator";a:1:{s:11:"$jsonSchema";a:3:{s:8:"bsonType";s:6:"object";s:10:"properties";a:1:{s:9:"author_id";a:1:{s:8:"bsonType";a:2:{i:0;s:6:"string";i:1;s:4:"null";}}}s:20:"additionalProperties";b:1;}}}s:12:"number_trees";a:2:{s:9:"validator";a:1:{s:11:"$jsonSchema";a:3:{s:8:"bsonType";s:6:"object";s:10:"properties";a:5:{s:4:"name";a:1:{s:8:"bsonType";s:6:"string";}s:9:"parent_id";a:1:{s:8:"bsonType";a:2:{i:0;s:6:"string";i:1;s:4:"null";}}s:3:"lft";a:1:{s:8:"bsonType";s:6:"string";}s:4:"rght";a:1:{s:8:"bsonType";s:6:"string";}s:5:"depth";a:1:{s:8:"bsonType";s:3:"int";}}s:20:"additionalProperties";b:1;}}s:7:"indexes";a:1:{s:22:"number_trees_parent_id";a:2:{s:3:"key";a:1:{s:9:"parent_id";i:1;}s:7:"options";a:2:{s:6:"unique";b:0;s:6:"sparse";b:0;}}}}s:21:"number_trees_articles";a:2:{s:9:"validator";a:1:{s:11:"$jsonSchema";a:3:{s:8:"bsonType";s:6:"object";s:10:"properties";a:4:{s:14:"number_tree_id";a:1:{s:8:"bsonType";s:8:"objectId";}s:5:"title";a:1:{s:8:"bsonType";s:6:"string";}s:4:"body";a:1:{s:8:"bsonType";s:6:"string";}s:9:"published";a:1:{s:8:"bsonType";s:6:"string";}}s:20:"additionalProperties";b:1;}}s:7:"indexes";a:1:{s:36:"number_trees_articles_number_tree_id";a:2:{s:3:"key";a:1:{s:14:"number_tree_id";i:1;}s:7:"options";a:2:{s:6:"unique";b:0;s:6:"sparse";b:0;}}}}s:6:"orders";a:2:{s:9:"validator";a:1:{s:11:"$jsonSchema";a:3:{s:8:"bsonType";s:6:"object";s:10:"properties";a:2:{s:16:"product_category";a:1:{s:8:"bsonType";s:3:"int";}s:10:"product_id";a:1:{s:8:"bsonType";s:8:"objectId";}}s:20:"additionalProperties";b:1;}}s:7:"indexes";a:1:{s:17:"orders_product_id";a:2:{s:3:"key";a:1:{s:10:"product_id";i:1;}s:7:"options";a:2:{s:6:"unique";b:0;s:6:"sparse";b:0;}}}}s:11:"orders_tags";a:1:{s:9:"validator";a:1:{s:11:"$jsonSchema";a:3:{s:8:"bsonType";s:6:"object";s:10:"properties";a:0:{}s:20:"additionalProperties";b:1;}}}s:18:"polymorphic_tagged";a:2:{s:9:"validator";a:1:{s:11:"$jsonSchema";a:3:{s:8:"bsonType";s:6:"object";s:10:"properties";a:4:{s:6:"tag_id";a:1:{s:8:"bsonType";s:8:"objectId";}s:11:"foreign_key";a:1:{s:8:"bsonType";s:3:"int";}s:13:"foreign_model";a:1:{s:8:"bsonType";s:6:"string";}s:8:"position";a:1:{s:8:"bsonType";s:3:"int";}}s:20:"additionalProperties";b:1;}}s:7:"indexes";a:1:{s:30:"polymorphic_tagged_foreign_key";a:2:{s:3:"key";a:1:{s:11:"foreign_key";i:1;}s:7:"options";a:2:{s:6:"unique";b:0;s:6:"sparse";b:0;}}}}s:5:"posts";a:2:{s:9:"validator";a:1:{s:11:"$jsonSchema";a:3:{s:8:"bsonType";s:6:"object";s:10:"properties";a:4:{s:9:"author_id";a:1:{s:8:"bsonType";s:8:"objectId";}s:5:"title";a:1:{s:8:"bsonType";s:6:"string";}s:4:"body";a:1:{s:8:"bsonType";s:6:"string";}s:9:"published";a:1:{s:8:"bsonType";s:6:"string";}}s:20:"additionalProperties";b:1;}}s:7:"indexes";a:3:{s:15:"posts_published";a:2:{s:3:"key";a:1:{s:9:"published";i:1;}s:7:"options";a:2:{s:6:"unique";b:0;s:6:"sparse";b:0;}}s:11:"posts_title";a:2:{s:3:"key";a:1:{s:5:"title";i:1;}s:7:"options";a:2:{s:6:"unique";b:0;s:6:"sparse";b:0;}}s:15:"posts_author_id";a:2:{s:3:"key";a:1:{s:9:"author_id";i:1;}s:7:"options";a:2:{s:6:"unique";b:0;s:6:"sparse";b:0;}}}}s:8:"products";a:2:{s:9:"validator";a:1:{s:11:"$jsonSchema";a:3:{s:8:"bsonType";s:6:"object";s:10:"properties";a:3:{s:8:"category";a:1:{s:8:"bsonType";s:3:"int";}s:4:"name";a:1:{s:8:"bsonType";s:6:"string";}s:5:"price";a:1:{s:8:"bsonType";s:3:"int";}}s:20:"additionalProperties";b:1;}}s:7:"indexes";a:1:{s:17:"products_category";a:2:{s:3:"key";a:1:{s:8:"category";i:1;}s:7:"options";a:2:{s:6:"unique";b:0;s:6:"sparse";b:0;}}}}s:8:"profiles";a:2:{s:9:"validator";a:1:{s:11:"$jsonSchema";a:3:{s:8:"bsonType";s:6:"object";s:10:"properties";a:4:{s:7:"user_id";a:1:{s:8:"bsonType";s:8:"objectId";}s:10:"first_name";a:1:{s:8:"bsonType";s:6:"string";}s:9:"last_name";a:1:{s:8:"bsonType";s:6:"string";}s:9:"is_active";a:1:{s:8:"bsonType";s:4:"bool";}}s:20:"additionalProperties";b:1;}}s:7:"indexes";a:1:{s:16:"profiles_user_id";a:2:{s:3:"key";a:1:{s:7:"user_id";i:1;}s:7:"options";a:2:{s:6:"unique";b:0;s:6:"sparse";b:0;}}}}s:10:"query_test";a:1:{s:9:"validator";a:1:{s:11:"$jsonSchema";a:3:{s:8:"bsonType";s:6:"object";s:10:"properties";a:0:{}s:20:"additionalProperties";b:1;}}}s:8:"sections";a:1:{s:9:"validator";a:1:{s:11:"$jsonSchema";a:3:{s:8:"bsonType";s:6:"object";s:10:"properties";a:1:{s:5:"title";a:1:{s:8:"bsonType";s:6:"string";}}s:20:"additionalProperties";b:1;}}}s:16:"sections_members";a:2:{s:9:"validator";a:1:{s:11:"$jsonSchema";a:3:{s:8:"bsonType";s:6:"object";s:10:"properties";a:2:{s:10:"section_id";a:1:{s:8:"bsonType";s:8:"objectId";}s:9:"member_id";a:1:{s:8:"bsonType";s:8:"objectId";}}s:20:"additionalProperties";b:1;}}s:7:"indexes";a:1:{s:27:"sections_members_section_id";a:2:{s:3:"key";a:1:{s:10:"section_id";i:1;}s:7:"options";a:2:{s:6:"unique";b:0;s:6:"sparse";b:0;}}}}s:15:"select_all_test";a:1:{s:9:"validator";a:1:{s:11:"$jsonSchema";a:3:{s:8:"bsonType";s:6:"object";s:10:"properties";a:0:{}s:20:"additionalProperties";b:1;}}}s:23:"select_casting_off_test";a:1:{s:9:"validator";a:1:{s:11:"$jsonSchema";a:3:{s:8:"bsonType";s:6:"object";s:10:"properties";a:0:{}s:20:"additionalProperties";b:1;}}}s:19:"select_casting_test";a:1:{s:9:"validator";a:1:{s:11:"$jsonSchema";a:3:{s:8:"bsonType";s:6:"object";s:10:"properties";a:0:{}s:20:"additionalProperties";b:1;}}}s:20:"select_decorate_test";a:1:{s:9:"validator";a:1:{s:11:"$jsonSchema";a:3:{s:8:"bsonType";s:6:"object";s:10:"properties";a:0:{}s:20:"additionalProperties";b:1;}}}s:27:"select_distinct_filter_test";a:1:{s:9:"validator";a:1:{s:11:"$jsonSchema";a:3:{s:8:"bsonType";s:6:"object";s:10:"properties";a:0:{}s:20:"additionalProperties";b:1;}}}s:20:"select_distinct_test";a:1:{s:9:"validator";a:1:{s:11:"$jsonSchema";a:3:{s:8:"bsonType";s:6:"object";s:10:"properties";a:0:{}s:20:"additionalProperties";b:1;}}}s:20:"select_iterator_test";a:1:{s:9:"validator";a:1:{s:11:"$jsonSchema";a:3:{s:8:"bsonType";s:6:"object";s:10:"properties";a:0:{}s:20:"additionalProperties";b:1;}}}s:13:"site_articles";a:2:{s:9:"validator";a:1:{s:11:"$jsonSchema";a:3:{s:8:"bsonType";s:6:"object";s:10:"properties";a:4:{s:9:"author_id";a:1:{s:8:"bsonType";a:2:{i:0;s:8:"objectId";i:1;s:4:"null";}}s:7:"site_id";a:1:{s:8:"bsonType";a:2:{i:0;s:8:"objectId";i:1;s:4:"null";}}s:5:"title";a:1:{s:8:"bsonType";s:6:"string";}s:4:"body";a:1:{s:8:"bsonType";s:6:"string";}}s:20:"additionalProperties";b:1;}}s:7:"indexes";a:1:{s:21:"site_articles_site_id";a:2:{s:3:"key";a:1:{s:7:"site_id";i:1;}s:7:"options";a:2:{s:6:"unique";b:0;s:6:"sparse";b:0;}}}}s:18:"site_articles_tags";a:2:{s:9:"validator";a:1:{s:11:"$jsonSchema";a:3:{s:8:"bsonType";s:6:"object";s:10:"properties";a:3:{s:10:"article_id";a:1:{s:8:"bsonType";s:8:"objectId";}s:6:"tag_id";a:1:{s:8:"bsonType";s:8:"objectId";}s:7:"site_id";a:1:{s:8:"bsonType";s:8:"objectId";}}s:20:"additionalProperties";b:1;}}s:7:"indexes";a:1:{s:29:"site_articles_tags_article_id";a:2:{s:3:"key";a:1:{s:10:"article_id";i:1;}s:7:"options";a:2:{s:6:"unique";b:0;s:6:"sparse";b:0;}}}}s:12:"site_authors";a:2:{s:9:"validator";a:1:{s:11:"$jsonSchema";a:3:{s:8:"bsonType";s:6:"object";s:10:"properties";a:2:{s:4:"name";a:1:{s:8:"bsonType";s:6:"string";}s:7:"site_id";a:1:{s:8:"bsonType";s:8:"objectId";}}s:20:"additionalProperties";b:1;}}s:7:"indexes";a:1:{s:20:"site_authors_site_id";a:2:{s:3:"key";a:1:{s:7:"site_id";i:1;}s:7:"options";a:2:{s:6:"unique";b:0;s:6:"sparse";b:0;}}}}s:9:"site_tags";a:2:{s:9:"validator";a:1:{s:11:"$jsonSchema";a:3:{s:8:"bsonType";s:6:"object";s:10:"properties";a:2:{s:4:"name";a:1:{s:8:"bsonType";s:6:"string";}s:7:"site_id";a:1:{s:8:"bsonType";s:8:"objectId";}}s:20:"additionalProperties";b:1;}}s:7:"indexes";a:1:{s:17:"site_tags_site_id";a:2:{s:3:"key";a:1:{s:7:"site_id";i:1;}s:7:"options";a:2:{s:6:"unique";b:0;s:6:"sparse";b:0;}}}}s:12:"special_tags";a:2:{s:9:"validator";a:1:{s:11:"$jsonSchema";a:3:{s:8:"bsonType";s:6:"object";s:10:"properties";a:6:{s:10:"article_id";a:1:{s:8:"bsonType";s:8:"objectId";}s:6:"tag_id";a:1:{s:8:"bsonType";s:8:"objectId";}s:9:"author_id";a:1:{s:8:"bsonType";a:2:{i:0;s:6:"string";i:1;s:4:"null";}}s:10:"extra_info";a:1:{s:8:"bsonType";s:6:"string";}s:11:"highlighted";a:1:{s:8:"bsonType";s:4:"bool";}s:16:"highlighted_time";a:1:{s:8:"bsonType";a:2:{i:0;s:6:"string";i:1;s:4:"null";}}}s:20:"additionalProperties";b:1;}}s:7:"indexes";a:2:{s:23:"special_tags_article_id";a:2:{s:3:"key";a:1:{s:10:"article_id";i:1;}s:7:"options";a:2:{s:6:"unique";b:0;s:6:"sparse";b:0;}}s:19:"special_tags_tag_id";a:2:{s:3:"key";a:1:{s:6:"tag_id";i:1;}s:7:"options";a:2:{s:6:"unique";b:0;s:6:"sparse";b:0;}}}}s:25:"special_tags_translations";a:2:{s:9:"validator";a:1:{s:11:"$jsonSchema";a:3:{s:8:"bsonType";s:6:"object";s:10:"properties";a:3:{s:6:"locale";a:1:{s:8:"bsonType";s:6:"string";}s:2:"id";a:1:{s:8:"bsonType";s:6:"string";}s:10:"extra_info";a:1:{s:8:"bsonType";s:6:"string";}}s:20:"additionalProperties";b:1;}}s:7:"indexes";a:1:{s:28:"special_tags_translations_id";a:2:{s:3:"key";a:1:{s:2:"id";i:1;}s:7:"options";a:2:{s:6:"unique";b:0;s:6:"sparse";b:0;}}}}s:4:"tags";a:2:{s:9:"validator";a:1:{s:11:"$jsonSchema";a:3:{s:8:"bsonType";s:6:"object";s:10:"properties";a:2:{s:4:"name";a:1:{s:8:"bsonType";s:6:"string";}s:11:"description";a:1:{s:8:"bsonType";s:6:"string";}}s:20:"additionalProperties";b:1;}}s:7:"indexes";a:1:{s:9:"tags_name";a:2:{s:3:"key";a:1:{s:4:"name";i:1;}s:7:"options";a:2:{s:6:"unique";b:0;s:6:"sparse";b:0;}}}}s:24:"tags_shadow_translations";a:2:{s:9:"validator";a:1:{s:11:"$jsonSchema";a:3:{s:8:"bsonType";s:6:"object";s:10:"properties";a:3:{s:6:"locale";a:1:{s:8:"bsonType";s:6:"string";}s:2:"id";a:1:{s:8:"bsonType";s:6:"string";}s:4:"name";a:1:{s:8:"bsonType";s:6:"string";}}s:20:"additionalProperties";b:1;}}s:7:"indexes";a:1:{s:27:"tags_shadow_translations_id";a:2:{s:3:"key";a:1:{s:2:"id";i:1;}s:7:"options";a:2:{s:6:"unique";b:0;s:6:"sparse";b:0;}}}}s:17:"tags_translations";a:2:{s:9:"validator";a:1:{s:11:"$jsonSchema";a:3:{s:8:"bsonType";s:6:"object";s:10:"properties";a:2:{s:6:"locale";a:1:{s:8:"bsonType";s:6:"string";}s:4:"name";a:1:{s:8:"bsonType";s:6:"string";}}s:20:"additionalProperties";b:1;}}s:7:"indexes";a:1:{s:24:"tags_translations_locale";a:2:{s:3:"key";a:1:{s:6:"locale";i:1;}s:7:"options";a:2:{s:6:"unique";b:0;s:6:"sparse";b:0;}}}}s:21:"test_build_collection";a:1:{s:9:"validator";a:1:{s:11:"$jsonSchema";a:3:{s:8:"bsonType";s:6:"object";s:10:"properties";a:0:{}s:20:"additionalProperties";b:1;}}}s:16:"test_build_named";a:1:{s:9:"validator";a:1:{s:11:"$jsonSchema";a:3:{s:8:"bsonType";s:6:"object";s:10:"properties";a:0:{}s:20:"additionalProperties";b:1;}}}s:20:"test_build_overwrite";a:1:{s:9:"validator";a:1:{s:11:"$jsonSchema";a:3:{s:8:"bsonType";s:6:"object";s:10:"properties";a:0:{}s:20:"additionalProperties";b:1;}}}s:22:"test_cached_collection";a:1:{s:9:"validator";a:1:{s:11:"$jsonSchema";a:3:{s:8:"bsonType";s:6:"object";s:10:"properties";a:0:{}s:20:"additionalProperties";b:1;}}}s:24:"test_cached_collection_2";a:1:{s:9:"validator";a:1:{s:11:"$jsonSchema";a:3:{s:8:"bsonType";s:6:"object";s:10:"properties";a:0:{}s:20:"additionalProperties";b:1;}}}s:24:"test_cached_collection_3";a:1:{s:9:"validator";a:1:{s:11:"$jsonSchema";a:3:{s:8:"bsonType";s:6:"object";s:10:"properties";a:0:{}s:20:"additionalProperties";b:1;}}}s:21:"test_clear_collection";a:1:{s:9:"validator";a:1:{s:11:"$jsonSchema";a:3:{s:8:"bsonType";s:6:"object";s:10:"properties";a:0:{}s:20:"additionalProperties";b:1;}}}s:16:"test_clear_named";a:1:{s:9:"validator";a:1:{s:11:"$jsonSchema";a:3:{s:8:"bsonType";s:6:"object";s:10:"properties";a:0:{}s:20:"additionalProperties";b:1;}}}s:20:"test_plugin_comments";a:2:{s:9:"validator";a:1:{s:11:"$jsonSchema";a:3:{s:8:"bsonType";s:6:"object";s:10:"properties";a:4:{s:10:"article_id";a:1:{s:8:"bsonType";s:8:"objectId";}s:7:"user_id";a:1:{s:8:"bsonType";s:8:"objectId";}s:7:"comment";a:1:{s:8:"bsonType";s:6:"string";}s:9:"published";a:1:{s:8:"bsonType";s:6:"string";}}s:20:"additionalProperties";b:1;}}s:7:"indexes";a:1:{s:31:"test_plugin_comments_article_id";a:2:{s:3:"key";a:1:{s:10:"article_id";i:1;}s:7:"options";a:2:{s:6:"unique";b:0;s:6:"sparse";b:0;}}}}s:10:"test_users";a:2:{s:9:"validator";a:1:{s:11:"$jsonSchema";a:3:{s:8:"bsonType";s:6:"object";s:10:"properties";a:2:{s:8:"username";a:1:{s:8:"bsonType";s:6:"string";}s:5:"email";a:1:{s:8:"bsonType";s:6:"string";}}s:20:"additionalProperties";b:1;}}s:7:"indexes";a:1:{s:19:"test_users_username";a:2:{s:3:"key";a:1:{s:8:"username";i:1;}s:7:"options";a:2:{s:6:"unique";b:0;s:6:"sparse";b:0;}}}}s:6:"things";a:2:{s:9:"validator";a:1:{s:11:"$jsonSchema";a:3:{s:8:"bsonType";s:6:"object";s:10:"properties";a:2:{s:5:"title";a:1:{s:8:"bsonType";s:6:"string";}s:4:"body";a:1:{s:8:"bsonType";s:6:"string";}}s:20:"additionalProperties";b:1;}}s:7:"indexes";a:1:{s:12:"things_title";a:2:{s:3:"key";a:1:{s:5:"title";i:1;}s:7:"options";a:2:{s:6:"unique";b:0;s:6:"sparse";b:0;}}}}s:14:"unique_authors";a:2:{s:9:"validator";a:1:{s:11:"$jsonSchema";a:3:{s:8:"bsonType";s:6:"object";s:10:"properties";a:2:{s:15:"first_author_id";a:1:{s:8:"bsonType";a:2:{i:0;s:6:"string";i:1;s:4:"null";}}s:16:"second_author_id";a:1:{s:8:"bsonType";a:2:{i:0;s:6:"string";i:1;s:4:"null";}}}s:20:"additionalProperties";b:1;}}s:7:"indexes";a:1:{s:30:"unique_authors_first_author_id";a:2:{s:3:"key";a:1:{s:15:"first_author_id";i:1;}s:7:"options";a:2:{s:6:"unique";b:0;s:6:"sparse";b:0;}}}}s:17:"update_query_test";a:1:{s:9:"validator";a:1:{s:11:"$jsonSchema";a:3:{s:8:"bsonType";s:6:"object";s:10:"properties";a:0:{}s:20:"additionalProperties";b:1;}}}s:5:"users";a:2:{s:9:"validator";a:1:{s:11:"$jsonSchema";a:3:{s:8:"bsonType";s:6:"object";s:10:"properties";a:2:{s:8:"username";a:1:{s:8:"bsonType";s:6:"string";}s:8:"password";a:1:{s:8:"bsonType";s:6:"string";}}s:20:"additionalProperties";b:1;}}s:7:"indexes";a:1:{s:14:"users_username";a:2:{s:3:"key";a:1:{s:8:"username";i:1;}s:7:"options";a:2:{s:6:"unique";b:0;s:6:"sparse";b:0;}}}}s:14:"users_embedded";a:1:{s:9:"validator";a:1:{s:11:"$jsonSchema";a:3:{s:8:"bsonType";s:6:"object";s:10:"properties";a:0:{}s:20:"additionalProperties";b:1;}}}s:10:"uuid_items";a:2:{s:9:"validator";a:1:{s:11:"$jsonSchema";a:3:{s:8:"bsonType";s:6:"object";s:10:"properties";a:4:{s:3:"_id";a:1:{s:8:"bsonType";s:6:"string";}s:2:"id";a:1:{s:8:"bsonType";s:6:"string";}s:9:"published";a:1:{s:8:"bsonType";s:3:"int";}s:4:"name";a:1:{s:8:"bsonType";s:6:"string";}}s:20:"additionalProperties";b:1;}}s:7:"indexes";a:1:{s:20:"uuid_items_published";a:2:{s:3:"key";a:1:{s:9:"published";i:1;}s:7:"options";a:2:{s:6:"unique";b:0;s:6:"sparse";b:0;}}}}}